
Microsoft Visual Studio Solution File, Format Version 11.00
# Visual Studio 2010
Project("{FAE04EC0-301F-11D3-BF4B-00C04F79EFBC}") = "NHibernate3Sample.Mapping", "NHibernate3Sample.Mapping\NHibernate3Sample.Mapping.csproj", "{A8D95E19-08A3-4886-8FFF-D15C7FCD2B8C}"
EndProject
Project("{2150E333-8FDC-42A3-9474-1A3956D46DE8}") = "UnitTesting", "UnitTesting", "{1D431D28-C288-48D1-A901-DD653B19EB57}"
EndProject
Project("{FAE04EC0-301F-11D3-BF4B-00C04F79EFBC}") = "NHibernate3Sample.MappingTest", "NHibernate3Sample.MappingTest\NHibernate3Sample.MappingTest.csproj", "{36316F84-75C9-46AD-9DC6-02592526CDD3}"
EndProject
Project("{FAE04EC0-301F-11D3-BF4B-00C04F79EFBC}") = "NHibernate3Sample.Autofac", "NHibernate3Sample.Autofac\NHibernate3Sample.Autofac.csproj", "{C0317EF4-2B0B-4A6E-ACED-CE735F842BB8}"
EndProject
Project("{FAE04EC0-301F-11D3-BF4B-00C04F79EFBC}") = "NHibernate3Sample.Entity", "NHibernate3Sample.Entity\NHibernate3Sample.Entity.csproj", "{9506013E-C77C-4DA7-AD83-32A96B543156}"
EndProject
Global
	GlobalSection(SolutionConfigurationPlatforms) = preSolution
		Debug|Any CPU = Debug|Any CPU
		Release|Any CPU = Release|Any CPU
	EndGlobalSection
	GlobalSection(ProjectConfigurationPlatforms) = postSolution
		{A8D95E19-08A3-4886-8FFF-D15C7FCD2B8C}.Debug|Any CPU.ActiveCfg = Debug|Any CPU
		{A8D95E19-08A3-4886-8FFF-D15C7FCD2B8C}.Debug|Any CPU.Build.0 = Debug|Any CPU
		{A8D95E19-08A3-4886-8FFF-D15C7FCD2B8C}.Release|Any CPU.ActiveCfg = Release|Any CPU
		{A8D95E19-08A3-4886-8FFF-D15C7FCD2B8C}.Release|Any CPU.Build.0 = Release|Any CPU
		{36316F84-75C9-46AD-9DC6-02592526CDD3}.Debug|Any CPU.ActiveCfg = Debug|Any CPU
		{36316F84-75C9-46AD-9DC6-02592526CDD3}.Debug|Any CPU.Build.0 = Debug|Any CPU
		{36316F84-75C9-46AD-9DC6-02592526CDD3}.Release|Any CPU.ActiveCfg = Release|Any CPU
		{36316F84-75C9-46AD-9DC6-02592526CDD3}.Release|Any CPU.Build.0 = Release|Any CPU
		{C0317EF4-2B0B-4A6E-ACED-CE735F842BB8}.Debug|Any CPU.ActiveCfg = Debug|Any CPU
		{C0317EF4-2B0B-4A6E-ACED-CE735F842BB8}.Debug|Any CPU.Build.0 = Debug|Any CPU
		{C0317EF4-2B0B-4A6E-ACED-CE735F842BB8}.Release|Any CPU.ActiveCfg = Release|Any CPU
		{C0317EF4-2B0B-4A6E-ACED-CE735F842BB8}.Release|Any CPU.Build.0 = Release|Any CPU
		{9506013E-C77C-4DA7-AD83-32A96B543156}.Debug|Any CPU.ActiveCfg = Debug|Any CPU
		{9506013E-C77C-4DA7-AD83-32A96B543156}.Debug|Any CPU.Build.0 = Debug|Any CPU
		{9506013E-C77C-4DA7-AD83-32A96B543156}.Release|Any CPU.ActiveCfg = Release|Any CPU
		{9506013E-C77C-4DA7-AD83-32A96B543156}.Release|Any CPU.Build.0 = Release|Any CPU
	EndGlobalSection
	GlobalSection(SolutionProperties) = preSolution
		HideSolutionNode = FALSE
	EndGlobalSection
	GlobalSection(NestedProjects) = preSolution
		{36316F84-75C9-46AD-9DC6-02592526CDD3} = {1D431D28-C288-48D1-A901-DD653B19EB57}
	EndGlobalSection
EndGlobal
